
Microsoft Visual Studio Solution File, Format Version 12.00
# Visual Studio Version 17
VisualStudioVersion = 17.7.34024.191
MinimumVisualStudioVersion = 10.0.40219.1
Project("{FAE04EC0-301F-11D3-BF4B-00C04F79EFBC}") = "MarvelCards", "MarvelCards\MarvelCards.csproj", "{E616F0CC-221B-4095-A551-E4944F985426}"
EndProject
Global
	GlobalSection(SolutionConfigurationPlatforms) = preSolution
		Debug|Any CPU = Debug|Any CPU
		Release|Any CPU = Release|Any CPU
	EndGlobalSection
	GlobalSection(ProjectConfigurationPlatforms) = postSolution
		{E616F0CC-221B-4095-A551-E4944F985426}.Debug|Any CPU.ActiveCfg = Debug|Any CPU
		{E616F0CC-221B-4095-A551-E4944F985426}.Debug|Any CPU.Build.0 = Debug|Any CPU
		{E616F0CC-221B-4095-A551-E4944F985426}.Release|Any CPU.ActiveCfg = Release|Any CPU
		{E616F0CC-221B-4095-A551-E4944F985426}.Release|Any CPU.Build.0 = Release|Any CPU
	EndGlobalSection
	GlobalSection(SolutionProperties) = preSolution
		HideSolutionNode = FALSE
	EndGlobalSection
	GlobalSection(ExtensibilityGlobals) = postSolution
		SolutionGuid = {41A10379-07D0-43E9-ACAD-96406D98FE7A}
	EndGlobalSection
EndGlobal
